{
  "name": "file-management-project",
  "version": "1.0.0",
  "lockfileVersion": 3,
  "requires": true,
  "packages": {
    "": {
      "name": "file-management-project",
      "version": "1.0.0",
      "license": "ISC",
      "dependencies": {
        "@orafavictor/date-difference-calculator": "^1.0.0",
        "readline-sync": "^1.4.10"
      }
    },
    "node_modules/@orafavictor/date-difference-calculator": {
      "version": "1.0.0",
      "resolved": "https://registry.npmjs.org/@orafavictor/date-difference-calculator/-/date-difference-calculator-1.0.0.tgz",
      "integrity": "sha512-Ud6952j4M1v+OJJY5cJAq9Np0LO5UefboGQxdiwk1mtmBQGHg44VBnM//a2AipcYkUgcnCtrOCSbCam2rqmv8A==",
      "license": "ISC"
    },
    "node_modules/readline-sync": {
      "version": "1.4.10",
      "resolved": "https://registry.npmjs.org/readline-sync/-/readline-sync-1.4.10.tgz",
      "integrity": "sha512-gNva8/6UAe8QYepIQH/jQ2qn91Qj0B9sYjMBBs3QOB8F2CXcKgLxQaJRP76sWVRQt+QU+8fAkCbCvjjMFu7Ycw==",
      "license": "MIT",
      "engines": {
        "node": ">= 0.8.0"
      }
    }
  }
}
